// !$*UTF8*$!
{
	archiveVersion = 1;
	classes = {
	};
	objectVersion = 46;
	objects = {

/* Begin PBXBuildFile section */
		EF83050718F04E8F00313DCE /* Foundation.framework in Frameworks */ = {isa = PBXBuildFile; fileRef = EF83050618F04E8F00313DCE /* Foundation.framework */; };
		EF83050918F04E8F00313DCE /* CoreGraphics.framework in Frameworks */ = {isa = PBXBuildFile; fileRef = EF83050818F04E8F00313DCE /* CoreGraphics.framework */; };
		EF83050B18F04E8F00313DCE /* UIKit.framework in Frameworks */ = {isa = PBXBuildFile; fileRef = EF83050A18F04E8F00313DCE /* UIKit.framework */; };
		EF83051118F04E8F00313DCE /* InfoPlist.strings in Resources */ = {isa = PBXBuildFile; fileRef = EF83050F18F04E8F00313DCE /* InfoPlist.strings */; };
		EF83051318F04E8F00313DCE /* main.m in Sources */ = {isa = PBXBuildFile; fileRef = EF83051218F04E8F00313DCE /* main.m */; };
		EF83051718F04E8F00313DCE /* TBIAppDelegate.m in Sources */ = {isa = PBXBuildFile; fileRef = EF83051618F04E8F00313DCE /* TBIAppDelegate.m */; };
		EF83051918F04E8F00313DCE /* Images.xcassets in Resources */ = {isa = PBXBuildFile; fileRef = EF83051818F04E8F00313DCE /* Images.xcassets */; };
		EF83052018F04E8F00313DCE /* XCTest.framework in Frameworks */ = {isa = PBXBuildFile; fileRef = EF83051F18F04E8F00313DCE /* XCTest.framework */; };
		EF83052118F04E8F00313DCE /* Foundation.framework in Frameworks */ = {isa = PBXBuildFile; fileRef = EF83050618F04E8F00313DCE /* Foundation.framework */; };
		EF83052218F04E8F00313DCE /* UIKit.framework in Frameworks */ = {isa = PBXBuildFile; fileRef = EF83050A18F04E8F00313DCE /* UIKit.framework */; };
		EF83052A18F04E8F00313DCE /* InfoPlist.strings in Resources */ = {isa = PBXBuildFile; fileRef = EF83052818F04E8F00313DCE /* InfoPlist.strings */; };
		EF83052C18F04E8F00313DCE /* LocartorTests.m in Sources */ = {isa = PBXBuildFile; fileRef = EF83052B18F04E8F00313DCE /* LocartorTests.m */; };
		EF83053618F04ECB00313DCE /* Storyboard.storyboard in Resources */ = {isa = PBXBuildFile; fileRef = EF83053518F04ECB00313DCE /* Storyboard.storyboard */; };
		EF83053A18F04F4300313DCE /* TBIMainViewController.m in Sources */ = {isa = PBXBuildFile; fileRef = EF83053818F04F4300313DCE /* TBIMainViewController.m */; };
		EF83053B18F04F4300313DCE /* TBIMainViewController.xib in Resources */ = {isa = PBXBuildFile; fileRef = EF83053918F04F4300313DCE /* TBIMainViewController.xib */; };
/* End PBXBuildFile section */

/* Begin PBXContainerItemProxy section */
		EF83052318F04E8F00313DCE /* PBXContainerItemProxy */ = {
			isa = PBXContainerItemProxy;
			containerPortal = EF8304FB18F04E8F00313DCE /* Project object */;
			proxyType = 1;
			remoteGlobalIDString = EF83050218F04E8F00313DCE;
			remoteInfo = Locartor;
		};
/* End PBXContainerItemProxy section */

/* Begin PBXFileReference section */
		EF83050318F04E8F00313DCE /* Locartor.app */ = {isa = PBXFileReference; explicitFileType = wrapper.application; includeInIndex = 0; path = Locartor.app; sourceTree = BUILT_PRODUCTS_DIR; };
		EF83050618F04E8F00313DCE /* Foundation.framework */ = {isa = PBXFileReference; lastKnownFileType = wrapper.framework; name = Foundation.framework; path = System/Library/Frameworks/Foundation.framework; sourceTree = SDKROOT; };
		EF83050818F04E8F00313DCE /* CoreGraphics.framework */ = {isa = PBXFileReference; lastKnownFileType = wrapper.framework; name = CoreGraphics.framework; path = System/Library/Frameworks/CoreGraphics.framework; sourceTree = SDKROOT; };
		EF83050A18F04E8F00313DCE /* UIKit.framework */ = {isa = PBXFileReference; lastKnownFileType = wrapper.framework; name = UIKit.framework; path = System/Library/Frameworks/UIKit.framework; sourceTree = SDKROOT; };
		EF83050E18F04E8F00313DCE /* Locartor-Info.plist */ = {isa = PBXFileReference; lastKnownFileType = text.plist.xml; path = "Locartor-Info.plist"; sourceTree = "<group>"; };
		EF83051018F04E8F00313DCE /* en */ = {isa = PBXFileReference; lastKnownFileType = text.plist.strings; name = en; path = en.lproj/InfoPlist.strings; sourceTree = "<group>"; };
		EF83051218F04E8F00313DCE /* main.m */ = {isa = PBXFileReference; lastKnownFileType = sourcecode.c.objc; path = main.m; sourceTree = "<group>"; };
		EF83051418F04E8F00313DCE /* Locartor-Prefix.pch */ = {isa = PBXFileReference; lastKnownFileType = sourcecode.c.h; path = "Locartor-Prefix.pch"; sourceTree = "<group>"; };
		EF83051518F04E8F00313DCE /* TBIAppDelegate.h */ = {isa = PBXFileReference; lastKnownFileType = sourcecode.c.h; path = TBIAppDelegate.h; sourceTree = "<group>"; };
		EF83051618F04E8F00313DCE /* TBIAppDelegate.m */ = {isa = PBXFileReference; lastKnownFileType = sourcecode.c.objc; path = TBIAppDelegate.m; sourceTree = "<group>"; };
		EF83051818F04E8F00313DCE /* Images.xcassets */ = {isa = PBXFileReference; lastKnownFileType = folder.assetcatalog; path = Images.xcassets; sourceTree = "<group>"; };
		EF83051E18F04E8F00313DCE /* LocartorTests.xctest */ = {isa = PBXFileReference; explicitFileType = wrapper.cfbundle; includeInIndex = 0; path = LocartorTests.xctest; sourceTree = BUILT_PRODUCTS_DIR; };
		EF83051F18F04E8F00313DCE /* XCTest.framework */ = {isa = PBXFileReference; lastKnownFileType = wrapper.framework; name = XCTest.framework; path = Library/Frameworks/XCTest.framework; sourceTree = DEVELOPER_DIR; };
		EF83052718F04E8F00313DCE /* LocartorTests-Info.plist */ = {isa = PBXFileReference; lastKnownFileType = text.plist.xml; path = "LocartorTests-Info.plist"; sourceTree = "<group>"; };
		EF83052918F04E8F00313DCE /* en */ = {isa = PBXFileReference; lastKnownFileType = text.plist.strings; name = en; path = en.lproj/InfoPlist.strings; sourceTree = "<group>"; };
		EF83052B18F04E8F00313DCE /* LocartorTests.m */ = {isa = PBXFileReference; lastKnownFileType = sourcecode.c.objc; path = LocartorTests.m; sourceTree = "<group>"; };
		EF83053518F04ECB00313DCE /* Storyboard.storyboard */ = {isa = PBXFileReference; fileEncoding = 4; lastKnownFileType = file.storyboard; path = Storyboard.storyboard; sourceTree = "<group>"; };
		EF83053718F04F4300313DCE /* TBIMainViewController.h */ = {isa = PBXFileReference; fileEncoding = 4; lastKnownFileType = sourcecode.c.h; path = TBIMainViewController.h; sourceTree = "<group>"; };
		EF83053818F04F4300313DCE /* TBIMainViewController.m */ = {isa = PBXFileReference; fileEncoding = 4; lastKnownFileType = sourcecode.c.objc; path = TBIMainViewController.m; sourceTree = "<group>"; };
		EF83053918F04F4300313DCE /* TBIMainViewController.xib */ = {isa = PBXFileReference; fileEncoding = 4; lastKnownFileType = file.xib; path = TBIMainViewController.xib; sourceTree = "<group>"; };
/* End PBXFileReference section */

/* Begin PBXFrameworksBuildPhase section */
		EF83050018F04E8F00313DCE /* Frameworks */ = {
			isa = PBXFrameworksBuildPhase;
			buildActionMask = 2147483647;
			files = (
				EF83050918F04E8F00313DCE /* CoreGraphics.framework in Frameworks */,
				EF83050B18F04E8F00313DCE /* UIKit.framework in Frameworks */,
				EF83050718F04E8F00313DCE /* Foundation.framework in Frameworks */,
			);
			runOnlyForDeploymentPostprocessing = 0;
		};
		EF83051B18F04E8F00313DCE /* Frameworks */ = {
			isa = PBXFrameworksBuildPhase;
			buildActionMask = 2147483647;
			files = (
				EF83052018F04E8F00313DCE /* XCTest.framework in Frameworks */,
				EF83052218F04E8F00313DCE /* UIKit.framework in Frameworks */,
				EF83052118F04E8F00313DCE /* Foundation.framework in Frameworks */,
			);
			runOnlyForDeploymentPostprocessing = 0;
		};
/* End PBXFrameworksBuildPhase section */

/* Begin PBXGroup section */
		EF8304FA18F04E8F00313DCE = {
			isa = PBXGroup;
			children = (
				EF83053518F04ECB00313DCE /* Storyboard.storyboard */,
				EF83050C18F04E8F00313DCE /* Locartor */,
				EF83052518F04E8F00313DCE /* LocartorTests */,
				EF83050518F04E8F00313DCE /* Frameworks */,
				EF83050418F04E8F00313DCE /* Products */,
			);
			sourceTree = "<group>";
		};
		EF83050418F04E8F00313DCE /* Products */ = {
			isa = PBXGroup;
			children = (
				EF83050318F04E8F00313DCE /* Locartor.app */,
				EF83051E18F04E8F00313DCE /* LocartorTests.xctest */,
			);
			name = Products;
			sourceTree = "<group>";
		};
		EF83050518F04E8F00313DCE /* Frameworks */ = {
			isa = PBXGroup;
			children = (
				EF83050618F04E8F00313DCE /* Foundation.framework */,
				EF83050818F04E8F00313DCE /* CoreGraphics.framework */,
				EF83050A18F04E8F00313DCE /* UIKit.framework */,
				EF83051F18F04E8F00313DCE /* XCTest.framework */,
			);
			name = Frameworks;
			sourceTree = "<group>";
		};
		EF83050C18F04E8F00313DCE /* Locartor */ = {
			isa = PBXGroup;
			children = (
				EF83051518F04E8F00313DCE /* TBIAppDelegate.h */,
				EF83051618F04E8F00313DCE /* TBIAppDelegate.m */,
				EF83053C18F04F4700313DCE /* Controllers */,
				EF83051818F04E8F00313DCE /* Images.xcassets */,
				EF83050D18F04E8F00313DCE /* Supporting Files */,
			);
			path = Locartor;
			sourceTree = "<group>";
		};
		EF83050D18F04E8F00313DCE /* Supporting Files */ = {
			isa = PBXGroup;
			children = (
				EF83050E18F04E8F00313DCE /* Locartor-Info.plist */,
				EF83050F18F04E8F00313DCE /* InfoPlist.strings */,
				EF83051218F04E8F00313DCE /* main.m */,
				EF83051418F04E8F00313DCE /* Locartor-Prefix.pch */,
			);
			name = "Supporting Files";
			sourceTree = "<group>";
		};
		EF83052518F04E8F00313DCE /* LocartorTests */ = {
			isa = PBXGroup;
			children = (
				EF83052B18F04E8F00313DCE /* LocartorTests.m */,
				EF83052618F04E8F00313DCE /* Supporting Files */,
			);
			path = LocartorTests;
			sourceTree = "<group>";
		};
		EF83052618F04E8F00313DCE /* Supporting Files */ = {
			isa = PBXGroup;
			children = (
				EF83052718F04E8F00313DCE /* LocartorTests-Info.plist */,
				EF83052818F04E8F00313DCE /* InfoPlist.strings */,
			);
			name = "Supporting Files";
			sourceTree = "<group>";
		};
		EF83053C18F04F4700313DCE /* Controllers */ = {
			isa = PBXGroup;
			children = (
				EF83053718F04F4300313DCE /* TBIMainViewController.h */,
				EF83053818F04F4300313DCE /* TBIMainViewController.m */,
				EF83053918F04F4300313DCE /* TBIMainViewController.xib */,
			);
			name = Controllers;
			sourceTree = "<group>";
		};
/* End PBXGroup section */

/* Begin PBXNativeTarget section */
		EF83050218F04E8F00313DCE /* Locartor */ = {
			isa = PBXNativeTarget;
			buildConfigurationList = EF83052F18F04E8F00313DCE /* Build configuration list for PBXNativeTarget "Locartor" */;
			buildPhases = (
				EF8304FF18F04E8F00313DCE /* Sources */,
				EF83050018F04E8F00313DCE /* Frameworks */,
				EF83050118F04E8F00313DCE /* Resources */,
			);
			buildRules = (
			);
			dependencies = (
			);
			name = Locartor;
			productName = Locartor;
			productReference = EF83050318F04E8F00313DCE /* Locartor.app */;
			productType = "com.apple.product-type.application";
		};
		EF83051D18F04E8F00313DCE /* LocartorTests */ = {
			isa = PBXNativeTarget;
			buildConfigurationList = EF83053218F04E8F00313DCE /* Build configuration list for PBXNativeTarget "LocartorTests" */;
			buildPhases = (
				EF83051A18F04E8F00313DCE /* Sources */,
				EF83051B18F04E8F00313DCE /* Frameworks */,
				EF83051C18F04E8F00313DCE /* Resources */,
			);
			buildRules = (
			);
			dependencies = (
				EF83052418F04E8F00313DCE /* PBXTargetDependency */,
			);
			name = LocartorTests;
			productName = LocartorTests;
			productReference = EF83051E18F04E8F00313DCE /* LocartorTests.xctest */;
			productType = "com.apple.product-type.bundle.unit-test";
		};
/* End PBXNativeTarget section */

/* Begin PBXProject section */
		EF8304FB18F04E8F00313DCE /* Project object */ = {
			isa = PBXProject;
			attributes = {
				CLASSPREFIX = TBI;
				LastUpgradeCheck = 0510;
				ORGANIZATIONNAME = thebitisland;
				TargetAttributes = {
					EF83051D18F04E8F00313DCE = {
						TestTargetID = EF83050218F04E8F00313DCE;
					};
				};
			};
			buildConfigurationList = EF8304FE18F04E8F00313DCE /* Build configuration list for PBXProject "Locartor" */;
			compatibilityVersion = "Xcode 3.2";
			developmentRegion = English;
			hasScannedForEncodings = 0;
			knownRegions = (
				en,
			);
			mainGroup = EF8304FA18F04E8F00313DCE;
			productRefGroup = EF83050418F04E8F00313DCE /* Products */;
			projectDirPath = "";
			projectRoot = "";
			targets = (
				EF83050218F04E8F00313DCE /* Locartor */,
				EF83051D18F04E8F00313DCE /* LocartorTests */,
			);
		};
/* End PBXProject section */

/* Begin PBXResourcesBuildPhase section */
		EF83050118F04E8F00313DCE /* Resources */ = {
			isa = PBXResourcesBuildPhase;
			buildActionMask = 2147483647;
			files = (
				EF83051118F04E8F00313DCE /* InfoPlist.strings in Resources */,
				EF83053B18F04F4300313DCE /* TBIMainViewController.xib in Resources */,
				EF83051918F04E8F00313DCE /* Images.xcassets in Resources */,
				EF83053618F04ECB00313DCE /* Storyboard.storyboard in Resources */,
			);
			runOnlyForDeploymentPostprocessing = 0;
		};
		EF83051C18F04E8F00313DCE /* Resources */ = {
			isa = PBXResourcesBuildPhase;
			buildActionMask = 2147483647;
			files = (
				EF83052A18F04E8F00313DCE /* InfoPlist.strings in Resources */,
			);
			runOnlyForDeploymentPostprocessing = 0;
		};
/* End PBXResourcesBuildPhase section */

/* Begin PBXSourcesBuildPhase section */
		EF8304FF18F04E8F00313DCE /* Sources */ = {
			isa = PBXSourcesBuildPhase;
			buildActionMask = 2147483647;
			files = (
				EF83051718F04E8F00313DCE /* TBIAppDelegate.m in Sources */,
				EF83051318F04E8F00313DCE /* main.m in Sources */,
				EF83053A18F04F4300313DCE /* TBIMainViewController.m in Sources */,
			);
			runOnlyForDeploymentPostprocessing = 0;
		};
		EF83051A18F04E8F00313DCE /* Sources */ = {
			isa = PBXSourcesBuildPhase;
			buildActionMask = 2147483647;
			files = (
				EF83052C18F04E8F00313DCE /* LocartorTests.m in Sources */,
			);
			runOnlyForDeploymentPostprocessing = 0;
		};
/* End PBXSourcesBuildPhase section */

/* Begin PBXTargetDependency section */
		EF83052418F04E8F00313DCE /* PBXTargetDependency */ = {
			isa = PBXTargetDependency;
			target = EF83050218F04E8F00313DCE /* Locartor */;
			targetProxy = EF83052318F04E8F00313DCE /* PBXContainerItemProxy */;
		};
/* End PBXTargetDependency section */

/* Begin PBXVariantGroup section */
		EF83050F18F04E8F00313DCE /* InfoPlist.strings */ = {
			isa = PBXVariantGroup;
			children = (
				EF83051018F04E8F00313DCE /* en */,
			);
			name = InfoPlist.strings;
			sourceTree = "<group>";
		};
		EF83052818F04E8F00313DCE /* InfoPlist.strings */ = {
			isa = PBXVariantGroup;
			children = (
				EF83052918F04E8F00313DCE /* en */,
			);
			name = InfoPlist.strings;
			sourceTree = "<group>";
		};
/* End PBXVariantGroup section */

/* Begin XCBuildConfiguration section */
		EF83052D18F04E8F00313DCE /* Debug */ = {
			isa = XCBuildConfiguration;
			buildSettings = {
				ALWAYS_SEARCH_USER_PATHS = NO;
				CLANG_CXX_LANGUAGE_STANDARD = "gnu++0x";
				CLANG_CXX_LIBRARY = "libc++";
				CLANG_ENABLE_MODULES = YES;
				CLANG_ENABLE_OBJC_ARC = YES;
				CLANG_WARN_BOOL_CONVERSION = YES;
				CLANG_WARN_CONSTANT_CONVERSION = YES;
				CLANG_WARN_DIRECT_OBJC_ISA_USAGE = YES_ERROR;
				CLANG_WARN_EMPTY_BODY = YES;
				CLANG_WARN_ENUM_CONVERSION = YES;
				CLANG_WARN_INT_CONVERSION = YES;
				CLANG_WARN_OBJC_ROOT_CLASS = YES_ERROR;
				CLANG_WARN__DUPLICATE_METHOD_MATCH = YES;
				"CODE_SIGN_IDENTITY[sdk=iphoneos*]" = "iPhone Developer";
				COPY_PHASE_STRIP = NO;
				GCC_C_LANGUAGE_STANDARD = gnu99;
				GCC_DYNAMIC_NO_PIC = NO;
				GCC_OPTIMIZATION_LEVEL = 0;
				GCC_PREPROCESSOR_DEFINITIONS = (
					"DEBUG=1",
					"$(inherited)",
				);
				GCC_SYMBOLS_PRIVATE_EXTERN = NO;
				GCC_WARN_64_TO_32_BIT_CONVERSION = YES;
				GCC_WARN_ABOUT_RETURN_TYPE = YES_ERROR;
				GCC_WARN_UNDECLARED_SELECTOR = YES;
				GCC_WARN_UNINITIALIZED_AUTOS = YES_AGGRESSIVE;
				GCC_WARN_UNUSED_FUNCTION = YES;
				GCC_WARN_UNUSED_VARIABLE = YES;
				IPHONEOS_DEPLOYMENT_TARGET = 7.1;
				ONLY_ACTIVE_ARCH = YES;
				SDKROOT = iphoneos;
			};
			name = Debug;
		};
		EF83052E18F04E8F00313DCE /* Release */ = {
			isa = XCBuildConfiguration;
			buildSettings = {
				ALWAYS_SEARCH_USER_PATHS = NO;
				CLANG_CXX_LANGUAGE_STANDARD = "gnu++0x";
				CLANG_CXX_LIBRARY = "libc++";
				CLANG_ENABLE_MODULES = YES;
				CLANG_ENABLE_OBJC_ARC = YES;
				CLANG_WARN_BOOL_CONVERSION = YES;
				CLANG_WARN_CONSTANT_CONVERSION = YES;
				CLANG_WARN_DIRECT_OBJC_ISA_USAGE = YES_ERROR;
				CLANG_WARN_EMPTY_BODY = YES;
				CLANG_WARN_ENUM_CONVERSION = YES;
				CLANG_WARN_INT_CONVERSION = YES;
				CLANG_WARN_OBJC_ROOT_CLASS = YES_ERROR;
				CLANG_WARN__DUPLICATE_METHOD_MATCH = YES;
				"CODE_SIGN_IDENTITY[sdk=iphoneos*]" = "iPhone Developer";
				COPY_PHASE_STRIP = YES;
				ENABLE_NS_ASSERTIONS = NO;
				GCC_C_LANGUAGE_STANDARD = gnu99;
				GCC_WARN_64_TO_32_BIT_CONVERSION = YES;
				GCC_WARN_ABOUT_RETURN_TYPE = YES_ERROR;
				GCC_WARN_UNDECLARED_SELECTOR = YES;
				GCC_WARN_UNINITIALIZED_AUTOS = YES_AGGRESSIVE;
				GCC_WARN_UNUSED_FUNCTION = YES;
				GCC_WARN_UNUSED_VARIABLE = YES;
				IPHONEOS_DEPLOYMENT_TARGET = 7.1;
				SDKROOT = iphoneos;
				VALIDATE_PRODUCT = YES;
			};
			name = Release;
		};
		EF83053018F04E8F00313DCE /* Debug */ = {
			isa = XCBuildConfiguration;
			buildSettings = {
				ASSETCATALOG_COMPILER_APPICON_NAME = AppIcon;
				ASSETCATALOG_COMPILER_LAUNCHIMAGE_NAME = LaunchImage;
				GCC_PRECOMPILE_PREFIX_HEADER = YES;
				GCC_PREFIX_HEADER = "Locartor/Locartor-Prefix.pch";
				INFOPLIST_FILE = "Locartor/Locartor-Info.plist";
				PRODUCT_NAME = "$(TARGET_NAME)";
				WRAPPER_EXTENSION = app;
			};
			name = Debug;
		};
		EF83053118F04E8F00313DCE /* Release */ = {
			isa = XCBuildConfiguration;
			buildSettings = {
				ASSETCATALOG_COMPILER_APPICON_NAME = AppIcon;
				ASSETCATALOG_COMPILER_LAUNCHIMAGE_NAME = LaunchImage;
				GCC_PRECOMPILE_PREFIX_HEADER = YES;
				GCC_PREFIX_HEADER = "Locartor/Locartor-Prefix.pch";
				INFOPLIST_FILE = "Locartor/Locartor-Info.plist";
				PRODUCT_NAME = "$(TARGET_NAME)";
				WRAPPER_EXTENSION = app;
			};
			name = Release;
		};
		EF83053318F04E8F00313DCE /* Debug */ = {
			isa = XCBuildConfiguration;
			buildSettings = {
				BUNDLE_LOADER = "$(BUILT_PRODUCTS_DIR)/Locartor.app/Locartor";
				FRAMEWORK_SEARCH_PATHS = (
					"$(SDKROOT)/Developer/Library/Frameworks",
					"$(inherited)",
					"$(DEVELOPER_FRAMEWORKS_DIR)",
				);
				GCC_PRECOMPILE_PREFIX_HEADER = YES;
				GCC_PREFIX_HEADER = "Locartor/Locartor-Prefix.pch";
				GCC_PREPROCESSOR_DEFINITIONS = (
					"DEBUG=1",
					"$(inherited)",
				);
				INFOPLIST_FILE = "LocartorTests/LocartorTests-Info.plist";
				PRODUCT_NAME = "$(TARGET_NAME)";
				TEST_HOST = "$(BUNDLE_LOADER)";
				WRAPPER_EXTENSION = xctest;
			};
			name = Debug;
		};
		EF83053418F04E8F00313DCE /* Release */ = {
			isa = XCBuildConfiguration;
			buildSettings = {
				BUNDLE_LOADER = "$(BUILT_PRODUCTS_DIR)/Locartor.app/Locartor";
				FRAMEWORK_SEARCH_PATHS = (
					"$(SDKROOT)/Developer/Library/Frameworks",
					"$(inherited)",
					"$(DEVELOPER_FRAMEWORKS_DIR)",
				);
				GCC_PRECOMPILE_PREFIX_HEADER = YES;
				GCC_PREFIX_HEADER = "Locartor/Locartor-Prefix.pch";
				INFOPLIST_FILE = "LocartorTests/LocartorTests-Info.plist";
				PRODUCT_NAME = "$(TARGET_NAME)";
				TEST_HOST = "$(BUNDLE_LOADER)";
				WRAPPER_EXTENSION = xctest;
			};
			name = Release;
		};
/* End XCBuildConfiguration section */

/* Begin XCConfigurationList section */
		EF8304FE18F04E8F00313DCE /* Build configuration list for PBXProject "Locartor" */ = {
			isa = XCConfigurationList;
			buildConfigurations = (
				EF83052D18F04E8F00313DCE /* Debug */,
				EF83052E18F04E8F00313DCE /* Release */,
			);
			defaultConfigurationIsVisible = 0;
			defaultConfigurationName = Release;
		};
		EF83052F18F04E8F00313DCE /* Build configuration list for PBXNativeTarget "Locartor" */ = {
			isa = XCConfigurationList;
			buildConfigurations = (
				EF83053018F04E8F00313DCE /* Debug */,
				EF83053118F04E8F00313DCE /* Release */,
			);
			defaultConfigurationIsVisible = 0;
		};
		EF83053218F04E8F00313DCE /* Build configuration list for PBXNativeTarget "LocartorTests" */ = {
			isa = XCConfigurationList;
			buildConfigurations = (
				EF83053318F04E8F00313DCE /* Debug */,
				EF83053418F04E8F00313DCE /* Release */,
			);
			defaultConfigurationIsVisible = 0;
		};
/* End XCConfigurationList section */
	};
	rootObject = EF8304FB18F04E8F00313DCE /* Project object */;
}
